
Microsoft Visual Studio Solution File, Format Version 12.00
# Visual Studio 15
VisualStudioVersion = 15.0.27703.2042
MinimumVisualStudioVersion = 10.0.40219.1
Project("{FAE04EC0-301F-11D3-BF4B-00C04F79EFBC}") = "StarragAwpCore", "StarragAwpCore\StarragAwpCore.csproj", "{03120B99-0E27-44C7-A250-4A9F13431751}"
EndProject
Global
	GlobalSection(SolutionConfigurationPlatforms) = preSolution
		Debug|Any CPU = Debug|Any CPU
		Release|Any CPU = Release|Any CPU
	EndGlobalSection
	GlobalSection(ProjectConfigurationPlatforms) = postSolution
		{03120B99-0E27-44C7-A250-4A9F13431751}.Debug|Any CPU.ActiveCfg = Debug|Any CPU
		{03120B99-0E27-44C7-A250-4A9F13431751}.Debug|Any CPU.Build.0 = Debug|Any CPU
		{03120B99-0E27-44C7-A250-4A9F13431751}.Release|Any CPU.ActiveCfg = Release|Any CPU
		{03120B99-0E27-44C7-A250-4A9F13431751}.Release|Any CPU.Build.0 = Release|Any CPU
	EndGlobalSection
	GlobalSection(SolutionProperties) = preSolution
		HideSolutionNode = FALSE
	EndGlobalSection
	GlobalSection(ExtensibilityGlobals) = postSolution
		SolutionGuid = {B85666DD-CAC3-4A6C-9601-88C1E5CE0F93}
	EndGlobalSection
EndGlobal
